github.com/aFarkas/lazysizes v0.0.0-20210408151554-27c7ceb7d737/go.mod h1:xl3heUINAn0oPowV1biDQ2Pyw1w3x66I7KEbWkaxox0=
github.com/aFarkas/lazysizes v0.0.0-20210517092641-1523a4ff4579 h1:K8ukOfj0MOBEWWsL8Mzd8GXIbAf7/RHnX1hipqbjeto=
github.com/aFarkas/lazysizes v0.0.0-20210517092641-1523a4ff4579/go.mod h1:xl3heUINAn0oPowV1biDQ2Pyw1w3x66I7KEbWkaxox0=
github.com/hugo-mods/lazyimg v0.0.0-20220925161121-72183e14a364 h1:D6wkkO/MtNX597ihy0eS0+KhtjQz5B6c6YBgnXAczcc=
github.com/hugo-mods/lazyimg v0.0.0-20220925161121-72183e14a364/go.mod h1:mUw/5rIlzxiJfDnKsFnZAITZ29I7n3QeDd8WwGsBmTI=
github.com/matharel/seb-doc v0.0.0-20240309093330-c068c3e77305 h1:G83baizgZhX5NFoQwmp43RP7NCdpwxcp1o4PWC1Qz4s=
github.com/matharel/seb-doc v0.0.0-20240309093330-c068c3e77305/go.mod h1:n4Vz1iAFei9U8fMu+IbtcOb8D1OIHccX/TnrBgXb1MQ=
github.com/matharel/seb-doc v0.0.0-20240309171836-b6396742334d h1:dgsnNG2SWCWAtd1EbAUNK4du96GRQ8kiSoYRsASgcgM=
github.com/matharel/seb-doc v0.0.0-20240309171836-b6396742334d/go.mod h1:n4Vz1iAFei9U8fMu+IbtcOb8D1OIHccX/TnrBgXb1MQ=
github.com/matharel/seb-doc v0.0.0-20240309172208-742e20f431b8 h1:MHtazEqpVZuZ7S4pywDhzF7X/2AFwQVnY5h/2Jn0F54=
github.com/matharel/seb-doc v0.0.0-20240309172208-742e20f431b8/go.mod h1:n4Vz1iAFei9U8fMu+IbtcOb8D1OIHccX/TnrBgXb1MQ=
github.com/matharel/seb-doc v0.0.0-20240319155835-24c5a176de3d h1:YyMeHaaHjtRFLNf51vtszDdVEREbTLcjjkP2UO2gNvQ=
github.com/matharel/seb-doc v0.0.0-20240319155835-24c5a176de3d/go.mod h1:n4Vz1iAFei9U8fMu+IbtcOb8D1OIHccX/TnrBgXb1MQ=
github.com/matharel/seb-doc v0.0.0-20240407144605-914ea1791f49 h1:xlZDTtHC4oc1g0kY5Z9yP1AcD+iEr/j9/2baP46YP+4=
github.com/matharel/seb-doc v0.0.0-20240407144605-914ea1791f49/go.mod h1:n4Vz1iAFei9U8fMu+IbtcOb8D1OIHccX/TnrBgXb1MQ=
github.com/matharel/seb-doc v0.0.0-20240427172621-cee3a8a2b2e9 h1:rgbWH0+JU85+gfwEXB2zn/8te53oB8XuBLYaj9wm0KY=
github.com/matharel/seb-doc v0.0.0-20240427172621-cee3a8a2b2e9/go.mod h1:n4Vz1iAFei9U8fMu+IbtcOb8D1OIHccX/TnrBgXb1MQ=
github.com/matharel/seb-doc v0.0.0-20240625180925-559c5d40b5ff h1:6omBGmWXdYHiayNbCgvIvyeLTzWezFQalSnViqyhyc8=
github.com/matharel/seb-doc v0.0.0-20240625180925-559c5d40b5ff/go.mod h1:n4Vz1iAFei9U8fMu+IbtcOb8D1OIHccX/TnrBgXb1MQ=
github.com/matharel/seb-doc v0.0.0-20240626094414-fc97a3b2e6fc h1:GvBkoUh2ONxJoFYzN7nEAQ5cT8SJKW7I/KXAktWODWI=
github.com/matharel/seb-doc v0.0.0-20240626094414-fc97a3b2e6fc/go.mod h1:n4Vz1iAFei9U8fMu+IbtcOb8D1OIHccX/TnrBgXb1MQ=
