github.com/matharel/seb-doc v0.0.0-20251123173756-300ce5d87001 h1:9ZCgdMOphynmtyfdcpLAPmn9U8n8gEAbWlgSN93j3fU=
github.com/matharel/seb-doc v0.0.0-20251123173756-300ce5d87001/go.mod h1:6LdRchOWtlAPbIe1ZFZ+QD7eT+8E8wHI57bvstd/Wi0=
github.com/matharel/seb-doc v0.0.0-20251124135518-c0f6cbfb3933 h1:3V/qqYQxmZNaCezhWc5CSBjkjtWo7bBDu3yYmy+Si0o=
github.com/matharel/seb-doc v0.0.0-20251124135518-c0f6cbfb3933/go.mod h1:6LdRchOWtlAPbIe1ZFZ+QD7eT+8E8wHI57bvstd/Wi0=
